
Microsoft Visual Studio Solution File, Format Version 12.00
# Visual Studio 2013
VisualStudioVersion = 12.0.31101.0
MinimumVisualStudioVersion = 10.0.40219.1
Project("{00D1A9C2-B5F0-4AF3-8072-F6C62B433612}") = "CraigslistDB", "CraigslistDB\CraigslistDB.sqlproj", "{0B736AE4-0B2A-4D6F-B3DD-1EA2F8ABBD3B}"
EndProject
Project("{FAE04EC0-301F-11D3-BF4B-00C04F79EFBC}") = "CraigslistAutoPoll", "CraigslistAutoPoll\CraigslistAutoPoll.csproj", "{D06104EF-B428-43ED-AF03-4CAEA514E106}"
EndProject
Project("{FAE04EC0-301F-11D3-BF4B-00C04F79EFBC}") = "SubCityGenerator", "SubCityGenerator\SubCityGenerator.csproj", "{6372533C-A526-46C4-9504-F46C621B7DCA}"
EndProject
Project("{FAE04EC0-301F-11D3-BF4B-00C04F79EFBC}") = "Tester", "Tester\Tester.csproj", "{82D39D68-8544-4C5A-9B5E-A5071D65FD68}"
EndProject
Global
	GlobalSection(SolutionConfigurationPlatforms) = preSolution
		Debug|Any CPU = Debug|Any CPU
		Release|Any CPU = Release|Any CPU
	EndGlobalSection
	GlobalSection(ProjectConfigurationPlatforms) = postSolution
		{0B736AE4-0B2A-4D6F-B3DD-1EA2F8ABBD3B}.Debug|Any CPU.ActiveCfg = Debug|Any CPU
		{0B736AE4-0B2A-4D6F-B3DD-1EA2F8ABBD3B}.Debug|Any CPU.Build.0 = Debug|Any CPU
		{0B736AE4-0B2A-4D6F-B3DD-1EA2F8ABBD3B}.Release|Any CPU.ActiveCfg = Release|Any CPU
		{0B736AE4-0B2A-4D6F-B3DD-1EA2F8ABBD3B}.Release|Any CPU.Build.0 = Release|Any CPU
		{D06104EF-B428-43ED-AF03-4CAEA514E106}.Debug|Any CPU.ActiveCfg = Debug|Any CPU
		{D06104EF-B428-43ED-AF03-4CAEA514E106}.Debug|Any CPU.Build.0 = Debug|Any CPU
		{D06104EF-B428-43ED-AF03-4CAEA514E106}.Debug|Any CPU.Deploy.0 = Debug|Any CPU
		{D06104EF-B428-43ED-AF03-4CAEA514E106}.Release|Any CPU.ActiveCfg = Release|Any CPU
		{D06104EF-B428-43ED-AF03-4CAEA514E106}.Release|Any CPU.Build.0 = Release|Any CPU
		{6372533C-A526-46C4-9504-F46C621B7DCA}.Debug|Any CPU.ActiveCfg = Debug|Any CPU
		{6372533C-A526-46C4-9504-F46C621B7DCA}.Debug|Any CPU.Build.0 = Debug|Any CPU
		{6372533C-A526-46C4-9504-F46C621B7DCA}.Release|Any CPU.ActiveCfg = Release|Any CPU
		{6372533C-A526-46C4-9504-F46C621B7DCA}.Release|Any CPU.Build.0 = Release|Any CPU
		{82D39D68-8544-4C5A-9B5E-A5071D65FD68}.Debug|Any CPU.ActiveCfg = Debug|Any CPU
		{82D39D68-8544-4C5A-9B5E-A5071D65FD68}.Debug|Any CPU.Build.0 = Debug|Any CPU
		{82D39D68-8544-4C5A-9B5E-A5071D65FD68}.Release|Any CPU.ActiveCfg = Release|Any CPU
		{82D39D68-8544-4C5A-9B5E-A5071D65FD68}.Release|Any CPU.Build.0 = Release|Any CPU
	EndGlobalSection
	GlobalSection(SolutionProperties) = preSolution
		HideSolutionNode = FALSE
	EndGlobalSection
EndGlobal
